
Microsoft Visual Studio Solution File, Format Version 12.00
# Visual Studio 15
VisualStudioVersion = 15.0.27428.2015
MinimumVisualStudioVersion = 10.0.40219.1
Project("{FAE04EC0-301F-11D3-BF4B-00C04F79EFBC}") = "FyteProf", "FyteProf\FyteProf.csproj", "{EF8CC125-5B62-41B8-A7F2-53A511FDCE86}"
EndProject
Project("{FAE04EC0-301F-11D3-BF4B-00C04F79EFBC}") = "FightScoreTester", "FightScoreTester\FightScoreTester.csproj", "{A1F90AE5-3471-4C28-81D8-1DA57A8DD396}"
EndProject
Global
	GlobalSection(SolutionConfigurationPlatforms) = preSolution
		Debug|Any CPU = Debug|Any CPU
		Release|Any CPU = Release|Any CPU
	EndGlobalSection
	GlobalSection(ProjectConfigurationPlatforms) = postSolution
		{EF8CC125-5B62-41B8-A7F2-53A511FDCE86}.Debug|Any CPU.ActiveCfg = Debug|Any CPU
		{EF8CC125-5B62-41B8-A7F2-53A511FDCE86}.Debug|Any CPU.Build.0 = Debug|Any CPU
		{EF8CC125-5B62-41B8-A7F2-53A511FDCE86}.Release|Any CPU.ActiveCfg = Release|Any CPU
		{EF8CC125-5B62-41B8-A7F2-53A511FDCE86}.Release|Any CPU.Build.0 = Release|Any CPU
		{A1F90AE5-3471-4C28-81D8-1DA57A8DD396}.Debug|Any CPU.ActiveCfg = Debug|Any CPU
		{A1F90AE5-3471-4C28-81D8-1DA57A8DD396}.Debug|Any CPU.Build.0 = Debug|Any CPU
		{A1F90AE5-3471-4C28-81D8-1DA57A8DD396}.Release|Any CPU.ActiveCfg = Release|Any CPU
		{A1F90AE5-3471-4C28-81D8-1DA57A8DD396}.Release|Any CPU.Build.0 = Release|Any CPU
	EndGlobalSection
	GlobalSection(SolutionProperties) = preSolution
		HideSolutionNode = FALSE
	EndGlobalSection
	GlobalSection(ExtensibilityGlobals) = postSolution
		SolutionGuid = {54CA9CB2-5796-42E2-85B9-227937FB0722}
	EndGlobalSection
EndGlobal
